
Microsoft Visual Studio Solution File, Format Version 12.00
# Visual Studio Version 17
VisualStudioVersion = 17.7.34024.191
MinimumVisualStudioVersion = 10.0.40219.1
Project("{9A19103F-16F7-4668-BE54-9A1E7A4F7556}") = "Analyze2048", "Analyze2048\Analyze2048.csproj", "{5151CB36-7025-44C6-8D22-9CA0472492A1}"
EndProject
Project("{FAE04EC0-301F-11D3-BF4B-00C04F79EFBC}") = "Regression", "Regression\Regression.csproj", "{C7B4A18E-0C35-4F5D-AAAA-6A509D2FE56D}"
EndProject
Global
	GlobalSection(SolutionConfigurationPlatforms) = preSolution
		Debug|Any CPU = Debug|Any CPU
		Release|Any CPU = Release|Any CPU
	EndGlobalSection
	GlobalSection(ProjectConfigurationPlatforms) = postSolution
		{5151CB36-7025-44C6-8D22-9CA0472492A1}.Debug|Any CPU.ActiveCfg = Debug|Any CPU
		{5151CB36-7025-44C6-8D22-9CA0472492A1}.Debug|Any CPU.Build.0 = Debug|Any CPU
		{5151CB36-7025-44C6-8D22-9CA0472492A1}.Release|Any CPU.ActiveCfg = Release|Any CPU
		{5151CB36-7025-44C6-8D22-9CA0472492A1}.Release|Any CPU.Build.0 = Release|Any CPU
		{C7B4A18E-0C35-4F5D-AAAA-6A509D2FE56D}.Debug|Any CPU.ActiveCfg = Debug|Any CPU
		{C7B4A18E-0C35-4F5D-AAAA-6A509D2FE56D}.Debug|Any CPU.Build.0 = Debug|Any CPU
		{C7B4A18E-0C35-4F5D-AAAA-6A509D2FE56D}.Release|Any CPU.ActiveCfg = Release|Any CPU
		{C7B4A18E-0C35-4F5D-AAAA-6A509D2FE56D}.Release|Any CPU.Build.0 = Release|Any CPU
	EndGlobalSection
	GlobalSection(SolutionProperties) = preSolution
		HideSolutionNode = FALSE
	EndGlobalSection
	GlobalSection(ExtensibilityGlobals) = postSolution
		SolutionGuid = {026E358C-DAE1-4BFD-BF81-6D2335611BAB}
	EndGlobalSection
EndGlobal
